<?xml version="1.0" encoding="utf-8"?>
<Project ToolsVersion="17.0" xmlns="http://schemas.microsoft.com/developer/msbuild/2003">
  <ItemGroup>
    <ClCompile Include="D:\Program Files\MyProject\origin\L11_Сборка библиотек\L11_Task5_CM\lib\trian.cpp">
      <Filter>Source Files</Filter>
    </ClCompile>
    <ClCompile Include="D:\Program Files\MyProject\origin\L11_Сборка библиотек\L11_Task5_CM\lib\square.cpp">
      <Filter>Source Files</Filter>
    </ClCompile>
    <ClCompile Include="D:\Program Files\MyProject\origin\L11_Сборка библиотек\L11_Task5_CM\lib\rhombus.cpp">
      <Filter>Source Files</Filter>
    </ClCompile>
    <ClCompile Include="D:\Program Files\MyProject\origin\L11_Сборка библиотек\L11_Task5_CM\lib\rect.cpp">
      <Filter>Source Files</Filter>
    </ClCompile>
    <ClCompile Include="D:\Program Files\MyProject\origin\L11_Сборка библиотек\L11_Task5_CM\lib\r_trian.cpp">
      <Filter>Source Files</Filter>
    </ClCompile>
    <ClCompile Include="D:\Program Files\MyProject\origin\L11_Сборка библиотек\L11_Task5_CM\lib\quadr.cpp">
      <Filter>Source Files</Filter>
    </ClCompile>
    <ClCompile Include="D:\Program Files\MyProject\origin\L11_Сборка библиотек\L11_Task5_CM\lib\paral.cpp">
      <Filter>Source Files</Filter>
    </ClCompile>
    <ClCompile Include="D:\Program Files\MyProject\origin\L11_Сборка библиотек\L11_Task5_CM\lib\is_trian.cpp">
      <Filter>Source Files</Filter>
    </ClCompile>
    <ClCompile Include="D:\Program Files\MyProject\origin\L11_Сборка библиотек\L11_Task5_CM\lib\figure.cpp">
      <Filter>Source Files</Filter>
    </ClCompile>
    <ClCompile Include="D:\Program Files\MyProject\origin\L11_Сборка библиотек\L11_Task5_CM\lib\e_trian.cpp">
      <Filter>Source Files</Filter>
    </ClCompile>
  </ItemGroup>
  <ItemGroup>
    <ClInclude Include="D:\Program Files\MyProject\origin\L11_Сборка библиотек\L11_Task5_CM\lib\trian.h">
      <Filter>Header Files</Filter>
    </ClInclude>
    <ClInclude Include="D:\Program Files\MyProject\origin\L11_Сборка библиотек\L11_Task5_CM\lib\square.h">
      <Filter>Header Files</Filter>
    </ClInclude>
    <ClInclude Include="D:\Program Files\MyProject\origin\L11_Сборка библиотек\L11_Task5_CM\lib\rhombus.h">
      <Filter>Header Files</Filter>
    </ClInclude>
    <ClInclude Include="D:\Program Files\MyProject\origin\L11_Сборка библиотек\L11_Task5_CM\lib\rect.h">
      <Filter>Header Files</Filter>
    </ClInclude>
    <ClInclude Include="D:\Program Files\MyProject\origin\L11_Сборка библиотек\L11_Task5_CM\lib\r_trian.h">
      <Filter>Header Files</Filter>
    </ClInclude>
    <ClInclude Include="D:\Program Files\MyProject\origin\L11_Сборка библиотек\L11_Task5_CM\lib\quadr.h">
      <Filter>Header Files</Filter>
    </ClInclude>
    <ClInclude Include="D:\Program Files\MyProject\origin\L11_Сборка библиотек\L11_Task5_CM\lib\paral.h">
      <Filter>Header Files</Filter>
    </ClInclude>
    <ClInclude Include="D:\Program Files\MyProject\origin\L11_Сборка библиотек\L11_Task5_CM\lib\is_trian.h">
      <Filter>Header Files</Filter>
    </ClInclude>
    <ClInclude Include="D:\Program Files\MyProject\origin\L11_Сборка библиотек\L11_Task5_CM\lib\figure.h">
      <Filter>Header Files</Filter>
    </ClInclude>
    <ClInclude Include="D:\Program Files\MyProject\origin\L11_Сборка библиотек\L11_Task5_CM\lib\e_trian.h">
      <Filter>Header Files</Filter>
    </ClInclude>
  </ItemGroup>
  <ItemGroup>
    <CustomBuild Include="D:\Program Files\MyProject\origin\L11_Сборка библиотек\L11_Task5_CM\lib\CMakeLists.txt" />
  </ItemGroup>
  <ItemGroup>
    <Filter Include="Header Files">
      <UniqueIdentifier>{22D1A512-CFAD-3B62-BCC9-26AA5244DCDB}</UniqueIdentifier>
    </Filter>
    <Filter Include="Source Files">
      <UniqueIdentifier>{50EA606C-A392-30B9-9A0D-9126E593280D}</UniqueIdentifier>
    </Filter>
  </ItemGroup>
</Project>
