
Microsoft Visual Studio Solution File, Format Version 12.00
# Visual Studio Version 17
VisualStudioVersion = 17.7.34003.232
MinimumVisualStudioVersion = 10.0.40219.1
Project("{8BC9CEB8-8B4A-11D0-8D11-00A0C91BC942}") = "Task2", "Task2.vcxproj", "{76ECED27-6D44-4A8D-9168-BBEEC0497901}"
EndProject
Global
	GlobalSection(SolutionConfigurationPlatforms) = preSolution
		Debug|x64 = Debug|x64
		Debug|x86 = Debug|x86
		Release|x64 = Release|x64
		Release|x86 = Release|x86
	EndGlobalSection
	GlobalSection(ProjectConfigurationPlatforms) = postSolution
		{76ECED27-6D44-4A8D-9168-BBEEC0497901}.Debug|x64.ActiveCfg = Debug|x64
		{76ECED27-6D44-4A8D-9168-BBEEC0497901}.Debug|x64.Build.0 = Debug|x64
		{76ECED27-6D44-4A8D-9168-BBEEC0497901}.Debug|x86.ActiveCfg = Debug|Win32
		{76ECED27-6D44-4A8D-9168-BBEEC0497901}.Debug|x86.Build.0 = Debug|Win32
		{76ECED27-6D44-4A8D-9168-BBEEC0497901}.Release|x64.ActiveCfg = Release|x64
		{76ECED27-6D44-4A8D-9168-BBEEC0497901}.Release|x64.Build.0 = Release|x64
		{76ECED27-6D44-4A8D-9168-BBEEC0497901}.Release|x86.ActiveCfg = Release|Win32
		{76ECED27-6D44-4A8D-9168-BBEEC0497901}.Release|x86.Build.0 = Release|Win32
	EndGlobalSection
	GlobalSection(SolutionProperties) = preSolution
		HideSolutionNode = FALSE
	EndGlobalSection
	GlobalSection(ExtensibilityGlobals) = postSolution
		SolutionGuid = {1EE80C6A-7C3F-4E02-B7C0-D17F6B4743D6}
	EndGlobalSection
EndGlobal
