
Microsoft Visual Studio Solution File, Format Version 12.00
# Visual Studio Version 17
Project("{8BC9CEB8-8B4A-11D0-8D11-00A0C91BC942}") = "ALL_BUILD", "ALL_BUILD.vcxproj", "{BBC3BF1E-955A-3434-B222-A089C06224C1}"
	ProjectSection(ProjectDependencies) = postProject
		{F60AA825-FC66-3677-94FE-92C2514E1A30} = {F60AA825-FC66-3677-94FE-92C2514E1A30}
		{4BC60779-F68C-3510-A956-873AC7D9180B} = {4BC60779-F68C-3510-A956-873AC7D9180B}
		{73DDB9EC-B118-3495-A6F4-DE7E9C12A12E} = {73DDB9EC-B118-3495-A6F4-DE7E9C12A12E}
	EndProjectSection
EndProject
Project("{8BC9CEB8-8B4A-11D0-8D11-00A0C91BC942}") = "ZERO_CHECK", "ZERO_CHECK.vcxproj", "{F60AA825-FC66-3677-94FE-92C2514E1A30}"
	ProjectSection(ProjectDependencies) = postProject
	EndProjectSection
EndProject
Project("{8BC9CEB8-8B4A-11D0-8D11-00A0C91BC942}") = "main", "main.vcxproj", "{4BC60779-F68C-3510-A956-873AC7D9180B}"
	ProjectSection(ProjectDependencies) = postProject
		{F60AA825-FC66-3677-94FE-92C2514E1A30} = {F60AA825-FC66-3677-94FE-92C2514E1A30}
		{73DDB9EC-B118-3495-A6F4-DE7E9C12A12E} = {73DDB9EC-B118-3495-A6F4-DE7E9C12A12E}
	EndProjectSection
EndProject
Project("{8BC9CEB8-8B4A-11D0-8D11-00A0C91BC942}") = "main_dll", "lib\main_dll.vcxproj", "{73DDB9EC-B118-3495-A6F4-DE7E9C12A12E}"
	ProjectSection(ProjectDependencies) = postProject
		{F60AA825-FC66-3677-94FE-92C2514E1A30} = {F60AA825-FC66-3677-94FE-92C2514E1A30}
	EndProjectSection
EndProject
Global
	GlobalSection(SolutionConfigurationPlatforms) = preSolution
		Debug|x64 = Debug|x64
		Release|x64 = Release|x64
		MinSizeRel|x64 = MinSizeRel|x64
		RelWithDebInfo|x64 = RelWithDebInfo|x64
	EndGlobalSection
	GlobalSection(ProjectConfigurationPlatforms) = postSolution
		{BBC3BF1E-955A-3434-B222-A089C06224C1}.Debug|x64.ActiveCfg = Debug|x64
		{BBC3BF1E-955A-3434-B222-A089C06224C1}.Release|x64.ActiveCfg = Release|x64
		{BBC3BF1E-955A-3434-B222-A089C06224C1}.MinSizeRel|x64.ActiveCfg = MinSizeRel|x64
		{BBC3BF1E-955A-3434-B222-A089C06224C1}.RelWithDebInfo|x64.ActiveCfg = RelWithDebInfo|x64
		{F60AA825-FC66-3677-94FE-92C2514E1A30}.Debug|x64.ActiveCfg = Debug|x64
		{F60AA825-FC66-3677-94FE-92C2514E1A30}.Debug|x64.Build.0 = Debug|x64
		{F60AA825-FC66-3677-94FE-92C2514E1A30}.Release|x64.ActiveCfg = Release|x64
		{F60AA825-FC66-3677-94FE-92C2514E1A30}.Release|x64.Build.0 = Release|x64
		{F60AA825-FC66-3677-94FE-92C2514E1A30}.MinSizeRel|x64.ActiveCfg = MinSizeRel|x64
		{F60AA825-FC66-3677-94FE-92C2514E1A30}.MinSizeRel|x64.Build.0 = MinSizeRel|x64
		{F60AA825-FC66-3677-94FE-92C2514E1A30}.RelWithDebInfo|x64.ActiveCfg = RelWithDebInfo|x64
		{F60AA825-FC66-3677-94FE-92C2514E1A30}.RelWithDebInfo|x64.Build.0 = RelWithDebInfo|x64
		{4BC60779-F68C-3510-A956-873AC7D9180B}.Debug|x64.ActiveCfg = Debug|x64
		{4BC60779-F68C-3510-A956-873AC7D9180B}.Debug|x64.Build.0 = Debug|x64
		{4BC60779-F68C-3510-A956-873AC7D9180B}.Release|x64.ActiveCfg = Release|x64
		{4BC60779-F68C-3510-A956-873AC7D9180B}.Release|x64.Build.0 = Release|x64
		{4BC60779-F68C-3510-A956-873AC7D9180B}.MinSizeRel|x64.ActiveCfg = MinSizeRel|x64
		{4BC60779-F68C-3510-A956-873AC7D9180B}.MinSizeRel|x64.Build.0 = MinSizeRel|x64
		{4BC60779-F68C-3510-A956-873AC7D9180B}.RelWithDebInfo|x64.ActiveCfg = RelWithDebInfo|x64
		{4BC60779-F68C-3510-A956-873AC7D9180B}.RelWithDebInfo|x64.Build.0 = RelWithDebInfo|x64
		{73DDB9EC-B118-3495-A6F4-DE7E9C12A12E}.Debug|x64.ActiveCfg = Debug|x64
		{73DDB9EC-B118-3495-A6F4-DE7E9C12A12E}.Debug|x64.Build.0 = Debug|x64
		{73DDB9EC-B118-3495-A6F4-DE7E9C12A12E}.Release|x64.ActiveCfg = Release|x64
		{73DDB9EC-B118-3495-A6F4-DE7E9C12A12E}.Release|x64.Build.0 = Release|x64
		{73DDB9EC-B118-3495-A6F4-DE7E9C12A12E}.MinSizeRel|x64.ActiveCfg = MinSizeRel|x64
		{73DDB9EC-B118-3495-A6F4-DE7E9C12A12E}.MinSizeRel|x64.Build.0 = MinSizeRel|x64
		{73DDB9EC-B118-3495-A6F4-DE7E9C12A12E}.RelWithDebInfo|x64.ActiveCfg = RelWithDebInfo|x64
		{73DDB9EC-B118-3495-A6F4-DE7E9C12A12E}.RelWithDebInfo|x64.Build.0 = RelWithDebInfo|x64
	EndGlobalSection
	GlobalSection(ExtensibilityGlobals) = postSolution
		SolutionGuid = {E8FB050E-B823-3C19-A992-7757B0AF630A}
	EndGlobalSection
	GlobalSection(ExtensibilityAddIns) = postSolution
	EndGlobalSection
EndGlobal
