
Microsoft Visual Studio Solution File, Format Version 12.00
# Visual Studio Version 17
VisualStudioVersion = 17.7.34024.191
MinimumVisualStudioVersion = 10.0.40219.1
Project("{8BC9CEB8-8B4A-11D0-8D11-00A0C91BC942}") = "Task1", "Task1.vcxproj", "{BE1337EA-AE7F-4439-ADC7-192C8D445363}"
EndProject
Global
	GlobalSection(SolutionConfigurationPlatforms) = preSolution
		Debug|x64 = Debug|x64
		Debug|x86 = Debug|x86
		Release|x64 = Release|x64
		Release|x86 = Release|x86
	EndGlobalSection
	GlobalSection(ProjectConfigurationPlatforms) = postSolution
		{BE1337EA-AE7F-4439-ADC7-192C8D445363}.Debug|x64.ActiveCfg = Debug|x64
		{BE1337EA-AE7F-4439-ADC7-192C8D445363}.Debug|x64.Build.0 = Debug|x64
		{BE1337EA-AE7F-4439-ADC7-192C8D445363}.Debug|x86.ActiveCfg = Debug|Win32
		{BE1337EA-AE7F-4439-ADC7-192C8D445363}.Debug|x86.Build.0 = Debug|Win32
		{BE1337EA-AE7F-4439-ADC7-192C8D445363}.Release|x64.ActiveCfg = Release|x64
		{BE1337EA-AE7F-4439-ADC7-192C8D445363}.Release|x64.Build.0 = Release|x64
		{BE1337EA-AE7F-4439-ADC7-192C8D445363}.Release|x86.ActiveCfg = Release|Win32
		{BE1337EA-AE7F-4439-ADC7-192C8D445363}.Release|x86.Build.0 = Release|Win32
	EndGlobalSection
	GlobalSection(SolutionProperties) = preSolution
		HideSolutionNode = FALSE
	EndGlobalSection
	GlobalSection(ExtensibilityGlobals) = postSolution
		SolutionGuid = {1B3410F4-EE64-4644-9CE8-FBBA4E6545C9}
	EndGlobalSection
EndGlobal
