
Microsoft Visual Studio Solution File, Format Version 12.00
# Visual Studio Version 17
VisualStudioVersion = 17.7.34003.232
MinimumVisualStudioVersion = 10.0.40219.1
Project("{8BC9CEB8-8B4A-11D0-8D11-00A0C91BC942}") = "Task1", "Task1.vcxproj", "{C7407467-EE0A-40F9-A06E-24490F41DB0A}"
EndProject
Global
	GlobalSection(SolutionConfigurationPlatforms) = preSolution
		Debug|x64 = Debug|x64
		Debug|x86 = Debug|x86
		Release|x64 = Release|x64
		Release|x86 = Release|x86
	EndGlobalSection
	GlobalSection(ProjectConfigurationPlatforms) = postSolution
		{C7407467-EE0A-40F9-A06E-24490F41DB0A}.Debug|x64.ActiveCfg = Debug|x64
		{C7407467-EE0A-40F9-A06E-24490F41DB0A}.Debug|x64.Build.0 = Debug|x64
		{C7407467-EE0A-40F9-A06E-24490F41DB0A}.Debug|x86.ActiveCfg = Debug|Win32
		{C7407467-EE0A-40F9-A06E-24490F41DB0A}.Debug|x86.Build.0 = Debug|Win32
		{C7407467-EE0A-40F9-A06E-24490F41DB0A}.Release|x64.ActiveCfg = Release|x64
		{C7407467-EE0A-40F9-A06E-24490F41DB0A}.Release|x64.Build.0 = Release|x64
		{C7407467-EE0A-40F9-A06E-24490F41DB0A}.Release|x86.ActiveCfg = Release|Win32
		{C7407467-EE0A-40F9-A06E-24490F41DB0A}.Release|x86.Build.0 = Release|Win32
	EndGlobalSection
	GlobalSection(SolutionProperties) = preSolution
		HideSolutionNode = FALSE
	EndGlobalSection
	GlobalSection(ExtensibilityGlobals) = postSolution
		SolutionGuid = {2E6E407E-2CEE-452C-B8E5-D61A0399EEF4}
	EndGlobalSection
EndGlobal
