<?xml version="1.0" encoding="utf-8"?>
<Project ToolsVersion="17.0" xmlns="http://schemas.microsoft.com/developer/msbuild/2003">
  <ItemGroup>
    <CustomBuild Include="D:\Program Files\MyProject\origin\L11_Сборка библиотек\L11_Task5_CM_build\CMakeFiles\7ca2a2ffa3446b69fa33e444404c0a25\generate.stamp.rule">
      <Filter>CMake Rules</Filter>
    </CustomBuild>
  </ItemGroup>
  <ItemGroup>
    <Filter Include="CMake Rules">
      <UniqueIdentifier>{94040CFC-3309-3774-9EC3-23DB7E63188D}</UniqueIdentifier>
    </Filter>
  </ItemGroup>
</Project>
