
Microsoft Visual Studio Solution File, Format Version 12.00
# Visual Studio Version 17
VisualStudioVersion = 17.7.34024.191
MinimumVisualStudioVersion = 10.0.40219.1
Project("{8BC9CEB8-8B4A-11D0-8D11-00A0C91BC942}") = "Task_2", "Task_2.vcxproj", "{C46430A4-F4AC-4BAD-9B7A-FE849209E5D2}"
EndProject
Global
	GlobalSection(SolutionConfigurationPlatforms) = preSolution
		Debug|x64 = Debug|x64
		Debug|x86 = Debug|x86
		Release|x64 = Release|x64
		Release|x86 = Release|x86
	EndGlobalSection
	GlobalSection(ProjectConfigurationPlatforms) = postSolution
		{C46430A4-F4AC-4BAD-9B7A-FE849209E5D2}.Debug|x64.ActiveCfg = Debug|x64
		{C46430A4-F4AC-4BAD-9B7A-FE849209E5D2}.Debug|x64.Build.0 = Debug|x64
		{C46430A4-F4AC-4BAD-9B7A-FE849209E5D2}.Debug|x86.ActiveCfg = Debug|Win32
		{C46430A4-F4AC-4BAD-9B7A-FE849209E5D2}.Debug|x86.Build.0 = Debug|Win32
		{C46430A4-F4AC-4BAD-9B7A-FE849209E5D2}.Release|x64.ActiveCfg = Release|x64
		{C46430A4-F4AC-4BAD-9B7A-FE849209E5D2}.Release|x64.Build.0 = Release|x64
		{C46430A4-F4AC-4BAD-9B7A-FE849209E5D2}.Release|x86.ActiveCfg = Release|Win32
		{C46430A4-F4AC-4BAD-9B7A-FE849209E5D2}.Release|x86.Build.0 = Release|Win32
	EndGlobalSection
	GlobalSection(SolutionProperties) = preSolution
		HideSolutionNode = FALSE
	EndGlobalSection
	GlobalSection(ExtensibilityGlobals) = postSolution
		SolutionGuid = {12104518-E0E3-4AFE-A69D-BF88A060C60E}
	EndGlobalSection
EndGlobal
