<?xml version="1.0" encoding="utf-8"?>
<Project ToolsVersion="17.0" xmlns="http://schemas.microsoft.com/developer/msbuild/2003">
  <ItemGroup>
    <ClCompile Include="D:\Program Files\MyProject\origin\L11_Сборка библиотек\L11_Task1_CM\main.cpp">
      <Filter>Source Files</Filter>
    </ClCompile>
  </ItemGroup>
  <ItemGroup>
    <CustomBuild Include="D:\Program Files\MyProject\origin\L11_Сборка библиотек\L11_Task1_CM\CMakeLists.txt" />
  </ItemGroup>
  <ItemGroup>
    <Filter Include="Source Files">
      <UniqueIdentifier>{B0C196FC-DBDD-3314-BFA4-7C08E8733C7B}</UniqueIdentifier>
    </Filter>
  </ItemGroup>
</Project>
